
Microsoft Visual Studio Solution File, Format Version 12.00
# Visual Studio Version 16
VisualStudioVersion = 16.0.29009.5
MinimumVisualStudioVersion = 10.0.40219.1
Project("{FAE04EC0-301F-11D3-BF4B-00C04F79EFBC}") = "Web Site Contenter", "Web Site Contenter.csproj", "{D1B4E9F2-A4EB-450C-96B5-D77E2CCCE686}"
EndProject
Global
	GlobalSection(SolutionConfigurationPlatforms) = preSolution
		Debug|Any CPU = Debug|Any CPU
		Release|Any CPU = Release|Any CPU
	EndGlobalSection
	GlobalSection(ProjectConfigurationPlatforms) = postSolution
		{D1B4E9F2-A4EB-450C-96B5-D77E2CCCE686}.Debug|Any CPU.ActiveCfg = Debug|Any CPU
		{D1B4E9F2-A4EB-450C-96B5-D77E2CCCE686}.Debug|Any CPU.Build.0 = Debug|Any CPU
		{D1B4E9F2-A4EB-450C-96B5-D77E2CCCE686}.Release|Any CPU.ActiveCfg = Release|Any CPU
		{D1B4E9F2-A4EB-450C-96B5-D77E2CCCE686}.Release|Any CPU.Build.0 = Release|Any CPU
	EndGlobalSection
	GlobalSection(SolutionProperties) = preSolution
		HideSolutionNode = FALSE
	EndGlobalSection
	GlobalSection(ExtensibilityGlobals) = postSolution
		SolutionGuid = {342CE5FD-6D9B-4650-BA23-9B7F068D7B2A}
	EndGlobalSection
EndGlobal
