
Microsoft Visual Studio Solution File, Format Version 12.00
# Visual Studio Version 16
VisualStudioVersion = 16.0.29215.179
MinimumVisualStudioVersion = 10.0.40219.1
Project("{FAE04EC0-301F-11D3-BF4B-00C04F79EFBC}") = "ThreadOrnek", "ThreadOrnek.csproj", "{DFDC688E-072F-4CD4-A429-406111941562}"
EndProject
Project("{FAE04EC0-301F-11D3-BF4B-00C04F79EFBC}") = "derailing", "derailing\derailing.csproj", "{FE310188-BA27-4068-8097-FC268E1C09AB}"
EndProject
Global
	GlobalSection(SolutionConfigurationPlatforms) = preSolution
		Debug|Any CPU = Debug|Any CPU
		Release|Any CPU = Release|Any CPU
	EndGlobalSection
	GlobalSection(ProjectConfigurationPlatforms) = postSolution
		{DFDC688E-072F-4CD4-A429-406111941562}.Debug|Any CPU.ActiveCfg = Debug|Any CPU
		{DFDC688E-072F-4CD4-A429-406111941562}.Debug|Any CPU.Build.0 = Debug|Any CPU
		{DFDC688E-072F-4CD4-A429-406111941562}.Release|Any CPU.ActiveCfg = Release|Any CPU
		{DFDC688E-072F-4CD4-A429-406111941562}.Release|Any CPU.Build.0 = Release|Any CPU
		{FE310188-BA27-4068-8097-FC268E1C09AB}.Debug|Any CPU.ActiveCfg = Debug|Any CPU
		{FE310188-BA27-4068-8097-FC268E1C09AB}.Debug|Any CPU.Build.0 = Debug|Any CPU
		{FE310188-BA27-4068-8097-FC268E1C09AB}.Release|Any CPU.ActiveCfg = Release|Any CPU
		{FE310188-BA27-4068-8097-FC268E1C09AB}.Release|Any CPU.Build.0 = Release|Any CPU
	EndGlobalSection
	GlobalSection(SolutionProperties) = preSolution
		HideSolutionNode = FALSE
	EndGlobalSection
	GlobalSection(ExtensibilityGlobals) = postSolution
		SolutionGuid = {2C314CCA-1B22-4016-8E14-AA6215279DB0}
	EndGlobalSection
EndGlobal
