
Microsoft Visual Studio Solution File, Format Version 12.00
# Visual Studio Version 16
VisualStudioVersion = 16.0.29613.14
MinimumVisualStudioVersion = 10.0.40219.1
Project("{FAE04EC0-301F-11D3-BF4B-00C04F79EFBC}") = "apicall", "apicall.csproj", "{944CD99B-874C-45CE-8AB8-6F5009F1B04A}"
EndProject
Global
	GlobalSection(SolutionConfigurationPlatforms) = preSolution
		Debug|Any CPU = Debug|Any CPU
		Release|Any CPU = Release|Any CPU
	EndGlobalSection
	GlobalSection(ProjectConfigurationPlatforms) = postSolution
		{944CD99B-874C-45CE-8AB8-6F5009F1B04A}.Debug|Any CPU.ActiveCfg = Debug|Any CPU
		{944CD99B-874C-45CE-8AB8-6F5009F1B04A}.Debug|Any CPU.Build.0 = Debug|Any CPU
		{944CD99B-874C-45CE-8AB8-6F5009F1B04A}.Release|Any CPU.ActiveCfg = Release|Any CPU
		{944CD99B-874C-45CE-8AB8-6F5009F1B04A}.Release|Any CPU.Build.0 = Release|Any CPU
	EndGlobalSection
	GlobalSection(SolutionProperties) = preSolution
		HideSolutionNode = FALSE
	EndGlobalSection
	GlobalSection(ExtensibilityGlobals) = postSolution
		SolutionGuid = {1E3D2E98-9264-47F8-89E9-8E4C941CADB9}
	EndGlobalSection
EndGlobal
