
Microsoft Visual Studio Solution File, Format Version 12.00
# Visual Studio 2013
VisualStudioVersion = 12.0.31101.0
MinimumVisualStudioVersion = 10.0.40219.1
Project("{F184B08F-C81C-45F6-A57F-5ABD9991F28F}") = "NorthwindDataService", "NorthwindDataService\NorthwindDataService.vbproj", "{B4A9C279-34C7-45B2-AF0F-65546C39EDF6}"
EndProject
Project("{F184B08F-C81C-45F6-A57F-5ABD9991F28F}") = "NorthwindEmployees", "NorthwindEmployees\NorthwindEmployees.vbproj", "{42263D42-0FB3-4D02-A643-CDCA83C12A6D}"
EndProject
Global
	GlobalSection(SolutionConfigurationPlatforms) = preSolution
		Debug|Any CPU = Debug|Any CPU
		Release|Any CPU = Release|Any CPU
	EndGlobalSection
	GlobalSection(ProjectConfigurationPlatforms) = postSolution
		{B4A9C279-34C7-45B2-AF0F-65546C39EDF6}.Debug|Any CPU.ActiveCfg = Debug|Any CPU
		{B4A9C279-34C7-45B2-AF0F-65546C39EDF6}.Debug|Any CPU.Build.0 = Debug|Any CPU
		{B4A9C279-34C7-45B2-AF0F-65546C39EDF6}.Release|Any CPU.ActiveCfg = Release|Any CPU
		{B4A9C279-34C7-45B2-AF0F-65546C39EDF6}.Release|Any CPU.Build.0 = Release|Any CPU
		{42263D42-0FB3-4D02-A643-CDCA83C12A6D}.Debug|Any CPU.ActiveCfg = Debug|Any CPU
		{42263D42-0FB3-4D02-A643-CDCA83C12A6D}.Debug|Any CPU.Build.0 = Debug|Any CPU
		{42263D42-0FB3-4D02-A643-CDCA83C12A6D}.Release|Any CPU.ActiveCfg = Release|Any CPU
		{42263D42-0FB3-4D02-A643-CDCA83C12A6D}.Release|Any CPU.Build.0 = Release|Any CPU
	EndGlobalSection
	GlobalSection(SolutionProperties) = preSolution
		HideSolutionNode = FALSE
	EndGlobalSection
EndGlobal
