
Microsoft Visual Studio Solution File, Format Version 12.00
# Visual Studio 15
VisualStudioVersion = 15.0.28010.2019
MinimumVisualStudioVersion = 10.0.40219.1
Project("{FAE04EC0-301F-11D3-BF4B-00C04F79EFBC}") = "Broken Link Finder", "Broken Link Finder\Broken Link Finder.csproj", "{F5B24CD4-7151-4ECD-89E1-0587FEE617D0}"
EndProject
Global
	GlobalSection(SolutionConfigurationPlatforms) = preSolution
		Debug|Any CPU = Debug|Any CPU
		Release|Any CPU = Release|Any CPU
	EndGlobalSection
	GlobalSection(ProjectConfigurationPlatforms) = postSolution
		{F5B24CD4-7151-4ECD-89E1-0587FEE617D0}.Debug|Any CPU.ActiveCfg = Debug|Any CPU
		{F5B24CD4-7151-4ECD-89E1-0587FEE617D0}.Debug|Any CPU.Build.0 = Debug|Any CPU
		{F5B24CD4-7151-4ECD-89E1-0587FEE617D0}.Release|Any CPU.ActiveCfg = Release|Any CPU
		{F5B24CD4-7151-4ECD-89E1-0587FEE617D0}.Release|Any CPU.Build.0 = Release|Any CPU
	EndGlobalSection
	GlobalSection(SolutionProperties) = preSolution
		HideSolutionNode = FALSE
	EndGlobalSection
	GlobalSection(ExtensibilityGlobals) = postSolution
		SolutionGuid = {3B003967-E82A-4F51-8021-28056DC8883E}
	EndGlobalSection
EndGlobal
