
Microsoft Visual Studio Solution File, Format Version 12.00
# Visual Studio 14
VisualStudioVersion = 14.0.25123.0
MinimumVisualStudioVersion = 10.0.40219.1
Project("{FAE04EC0-301F-11D3-BF4B-00C04F79EFBC}") = "VeriTipleri_cast_convert", "VeriTipleri\VeriTipleri_cast_convert.csproj", "{864BA3A1-C516-4D3E-9C6E-EC95B47FEDA0}"
EndProject
Global
	GlobalSection(SolutionConfigurationPlatforms) = preSolution
		Debug|Any CPU = Debug|Any CPU
		Release|Any CPU = Release|Any CPU
	EndGlobalSection
	GlobalSection(ProjectConfigurationPlatforms) = postSolution
		{864BA3A1-C516-4D3E-9C6E-EC95B47FEDA0}.Debug|Any CPU.ActiveCfg = Debug|Any CPU
		{864BA3A1-C516-4D3E-9C6E-EC95B47FEDA0}.Debug|Any CPU.Build.0 = Debug|Any CPU
		{864BA3A1-C516-4D3E-9C6E-EC95B47FEDA0}.Release|Any CPU.ActiveCfg = Release|Any CPU
		{864BA3A1-C516-4D3E-9C6E-EC95B47FEDA0}.Release|Any CPU.Build.0 = Release|Any CPU
	EndGlobalSection
	GlobalSection(SolutionProperties) = preSolution
		HideSolutionNode = FALSE
	EndGlobalSection
EndGlobal
