
Microsoft Visual Studio Solution File, Format Version 12.00
# Visual Studio 2012
Project("{FAE04EC0-301F-11D3-BF4B-00C04F79EFBC}") = "WebAPI Sample", "WebAPI Sample\WebAPI Sample.csproj", "{1224D7C0-BFD0-413C-ABA4-6F3813BE5C2F}"
EndProject
Project("{FAE04EC0-301F-11D3-BF4B-00C04F79EFBC}") = "WebAPI SampleWeb", "WebAPI SampleWeb\WebAPI SampleWeb.csproj", "{B76C4513-2455-403D-8C70-10F19533EEFE}"
EndProject
Global
	GlobalSection(SolutionConfigurationPlatforms) = preSolution
		Debug|Any CPU = Debug|Any CPU
		Release|Any CPU = Release|Any CPU
	EndGlobalSection
	GlobalSection(ProjectConfigurationPlatforms) = postSolution
		{1224D7C0-BFD0-413C-ABA4-6F3813BE5C2F}.Debug|Any CPU.ActiveCfg = Debug|Any CPU
		{1224D7C0-BFD0-413C-ABA4-6F3813BE5C2F}.Debug|Any CPU.Build.0 = Debug|Any CPU
		{1224D7C0-BFD0-413C-ABA4-6F3813BE5C2F}.Debug|Any CPU.Deploy.0 = Debug|Any CPU
		{1224D7C0-BFD0-413C-ABA4-6F3813BE5C2F}.Release|Any CPU.ActiveCfg = Release|Any CPU
		{1224D7C0-BFD0-413C-ABA4-6F3813BE5C2F}.Release|Any CPU.Build.0 = Release|Any CPU
		{1224D7C0-BFD0-413C-ABA4-6F3813BE5C2F}.Release|Any CPU.Deploy.0 = Release|Any CPU
		{B76C4513-2455-403D-8C70-10F19533EEFE}.Debug|Any CPU.ActiveCfg = Debug|Any CPU
		{B76C4513-2455-403D-8C70-10F19533EEFE}.Debug|Any CPU.Build.0 = Debug|Any CPU
		{B76C4513-2455-403D-8C70-10F19533EEFE}.Release|Any CPU.ActiveCfg = Release|Any CPU
		{B76C4513-2455-403D-8C70-10F19533EEFE}.Release|Any CPU.Build.0 = Release|Any CPU
	EndGlobalSection
	GlobalSection(SolutionProperties) = preSolution
		HideSolutionNode = FALSE
	EndGlobalSection
EndGlobal
